
Microsoft Visual Studio Solution File, Format Version 12.00
# Visual Studio 15
VisualStudioVersion = 15.0.28010.2026
MinimumVisualStudioVersion = 10.0.40219.1
Project("{FAE04EC0-301F-11D3-BF4B-00C04F79EFBC}") = "CQRSPattern", "CQRSPattern\CQRSPattern.csproj", "{78B6A833-21D7-472D-BCD4-3A455611E745}"
EndProject
Project("{FAE04EC0-301F-11D3-BF4B-00C04F79EFBC}") = "DAL", "DAL\DAL.csproj", "{13CE624B-2546-4AA8-8C8D-207E126D5CB9}"
EndProject
Global
	GlobalSection(SolutionConfigurationPlatforms) = preSolution
		Debug|Any CPU = Debug|Any CPU
		Release|Any CPU = Release|Any CPU
	EndGlobalSection
	GlobalSection(ProjectConfigurationPlatforms) = postSolution
		{78B6A833-21D7-472D-BCD4-3A455611E745}.Debug|Any CPU.ActiveCfg = Debug|Any CPU
		{78B6A833-21D7-472D-BCD4-3A455611E745}.Debug|Any CPU.Build.0 = Debug|Any CPU
		{78B6A833-21D7-472D-BCD4-3A455611E745}.Release|Any CPU.ActiveCfg = Release|Any CPU
		{78B6A833-21D7-472D-BCD4-3A455611E745}.Release|Any CPU.Build.0 = Release|Any CPU
		{13CE624B-2546-4AA8-8C8D-207E126D5CB9}.Debug|Any CPU.ActiveCfg = Debug|Any CPU
		{13CE624B-2546-4AA8-8C8D-207E126D5CB9}.Debug|Any CPU.Build.0 = Debug|Any CPU
		{13CE624B-2546-4AA8-8C8D-207E126D5CB9}.Release|Any CPU.ActiveCfg = Release|Any CPU
		{13CE624B-2546-4AA8-8C8D-207E126D5CB9}.Release|Any CPU.Build.0 = Release|Any CPU
	EndGlobalSection
	GlobalSection(SolutionProperties) = preSolution
		HideSolutionNode = FALSE
	EndGlobalSection
	GlobalSection(ExtensibilityGlobals) = postSolution
		SolutionGuid = {20E4D646-F0B8-490E-97B9-54058E448EE9}
	EndGlobalSection
EndGlobal
